PODS:
  - Alamofire (5.4.0)
  - LTHRadioButton (1.2.3)

DEPENDENCIES:
  - Alamofire
  - LTHRadioButton

SPEC REPOS:
  trunk:
    - Alamofire
    - LTHRadioButton

SPEC CHECKSUMS:
  Alamofire: 3b6a534a3df22db367e4dedeeca73d1ddfcf0e2f
  LTHRadioButton: b20980614572f7911272a6b8aa79ec0fdc9a74d4

PODFILE CHECKSUM: ab09b6c6d25b46dcb69af6bc57a965065536780c

COCOAPODS: 1.10.0
